{
  "id": "67eeeaa7244a847ef128a45b91ab4d3337041edd9fe42abc217a14179916052c",
  "title": "Grand Theft Auto VI: An Extended Look \u2014 Now Playing - Rockstar Games",
  "link": "https://news.google.com/rss/articles/CBMirwFBVV95cUxQbndreldISGxCa3lVZzdQd1FacHdCYnMybVNrM2E4MUJPRHdETjMwbjFYaW15eEkyWWExOTFKaGtydUhSN3BKLWRDNHR1Sk96azdnaWRjeERvQWJaeVVMUnNJaGFfZzkwN2pobGZUS19SbkhOU3NRR2ZNVW80eEt4aEdUdnl6b0UyZGxqYnR6RGt3OWdBT2dHNTZORE1kMDByazl5N1dTanR6blZEd1dr?oc=5",
  "created_at": "2026-08-30T09:31:51.734276+00:00"
}