{
  "id": "a858d5f7c5ef6b36037d8108d5516a5ed69533be3521c9b5b9d0a02bac7dc9dd",
  "title": "The Wildest Video Game Budgets Can't Hold A Candle To GTA 6 - Engadget",
  "link": "https://news.google.com/rss/articles/CBMickFVX3lxTE5hbXhROHpuMjk1QkZNQXhrdm9NWXREV0ZGTGpUdFZDLTkzd0xjSjhGYnBxQUkwVlpMR2hzdFdCVHBIZ3cwWU91US1oOHNnLWZQSW8zcHY0RkROWFAxZDN3SUFGblNYUGdoU0Z1N3N3TG1UQQ?oc=5",
  "created_at": "2026-08-30T09:29:09.573181+00:00"
}